github.com/dimfeld/httptreemux/v5 v5.5.0 h1:p8jkiMrCuZ0CmhwYLcbNbl7DDo21fozhKHQ2PccwOFQ=
github.com/dimfeld/httptreemux/v5 v5.5.0/go.mod h1:QeEylH57C0v3VO0tkKraVz9oD3Uu93CKPnTLbsidvSw=
github.com/google/uuid v1.6.0 h1:NIvaJDMOsjHA8n1jAhLSgzrAzy1Hgr+hNrb57e+94F0=
github.com/google/uuid v1.6.0/go.mod h1:TIyPZe4MgqvfeYDBFedMoGGpEw/LqOeaOT+nhxU+yHo=
